// !$*UTF8*$!
{
	archiveVersion = 1;
	classes = {
	};
	objectVersion = 46;
	objects = {

/* Begin PBXBuildFile section */
		54331C1619B4B71200466B49 /* Foundation.framework in Frameworks */ = {isa = PBXBuildFile; fileRef = 54331C1519B4B71200466B49 /* Foundation.framework */; };
		54331C1819B4B71200466B49 /* CoreGraphics.framework in Frameworks */ = {isa = PBXBuildFile; fileRef = 54331C1719B4B71200466B49 /* CoreGraphics.framework */; };
		54331C1A19B4B71200466B49 /* UIKit.framework in Frameworks */ = {isa = PBXBuildFile; fileRef = 54331C1919B4B71200466B49 /* UIKit.framework */; };
		54331C2019B4B71200466B49 /* InfoPlist.strings in Resources */ = {isa = PBXBuildFile; fileRef = 54331C1E19B4B71200466B49 /* InfoPlist.strings */; };
		54331C2219B4B71200466B49 /* main.m in Sources */ = {isa = PBXBuildFile; fileRef = 54331C2119B4B71200466B49 /* main.m */; };
		54331C2619B4B71200466B49 /* BLAppDelegate.m in Sources */ = {isa = PBXBuildFile; fileRef = 54331C2519B4B71200466B49 /* BLAppDelegate.m */; };
		54331C2919B4B71200466B49 /* Main.storyboard in Resources */ = {isa = PBXBuildFile; fileRef = 54331C2719B4B71200466B49 /* Main.storyboard */; };
		54331C2C19B4B71200466B49 /* BLViewController.m in Sources */ = {isa = PBXBuildFile; fileRef = 54331C2B19B4B71200466B49 /* BLViewController.m */; };
		54331C2E19B4B71200466B49 /* Images.xcassets in Resources */ = {isa = PBXBuildFile; fileRef = 54331C2D19B4B71200466B49 /* Images.xcassets */; };
		54331C3519B4B71200466B49 /* XCTest.framework in Frameworks */ = {isa = PBXBuildFile; fileRef = 54331C3419B4B71200466B49 /* XCTest.framework */; };
		54331C3619B4B71200466B49 /* Foundation.framework in Frameworks */ = {isa = PBXBuildFile; fileRef = 54331C1519B4B71200466B49 /* Foundation.framework */; };
		54331C3719B4B71200466B49 /* UIKit.framework in Frameworks */ = {isa = PBXBuildFile; fileRef = 54331C1919B4B71200466B49 /* UIKit.framework */; };
		54331C3F19B4B71200466B49 /* InfoPlist.strings in Resources */ = {isa = PBXBuildFile; fileRef = 54331C3D19B4B71200466B49 /* InfoPlist.strings */; };
		54331C4119B4B71200466B49 /* Overdue_Task_List_AssignmentTests.m in Sources */ = {isa = PBXBuildFile; fileRef = 54331C4019B4B71200466B49 /* Overdue_Task_List_AssignmentTests.m */; };
/* End PBXBuildFile section */

/* Begin PBXContainerItemProxy section */
		54331C3819B4B71200466B49 /* PBXContainerItemProxy */ = {
			isa = PBXContainerItemProxy;
			containerPortal = 54331C0A19B4B71200466B49 /* Project object */;
			proxyType = 1;
			remoteGlobalIDString = 54331C1119B4B71200466B49;
			remoteInfo = "Overdue Task List Assignment";
		};
/* End PBXContainerItemProxy section */

/* Begin PBXFileReference section */
		54331C1219B4B71200466B49 /* Overdue Task List Assignment.app */ = {isa = PBXFileReference; explicitFileType = wrapper.application; includeInIndex = 0; path = "Overdue Task List Assignment.app"; sourceTree = BUILT_PRODUCTS_DIR; };
		54331C1519B4B71200466B49 /* Foundation.framework */ = {isa = PBXFileReference; lastKnownFileType = wrapper.framework; name = Foundation.framework; path = System/Library/Frameworks/Foundation.framework; sourceTree = SDKROOT; };
		54331C1719B4B71200466B49 /* CoreGraphics.framework */ = {isa = PBXFileReference; lastKnownFileType = wrapper.framework; name = CoreGraphics.framework; path = System/Library/Frameworks/CoreGraphics.framework; sourceTree = SDKROOT; };
		54331C1919B4B71200466B49 /* UIKit.framework */ = {isa = PBXFileReference; lastKnownFileType = wrapper.framework; name = UIKit.framework; path = System/Library/Frameworks/UIKit.framework; sourceTree = SDKROOT; };
		54331C1D19B4B71200466B49 /* Overdue Task List Assignment-Info.plist */ = {isa = PBXFileReference; lastKnownFileType = text.plist.xml; path = "Overdue Task List Assignment-Info.plist"; sourceTree = "<group>"; };
		54331C1F19B4B71200466B49 /* en */ = {isa = PBXFileReference; lastKnownFileType = text.plist.strings; name = en; path = en.lproj/InfoPlist.strings; sourceTree = "<group>"; };
		54331C2119B4B71200466B49 /* main.m */ = {isa = PBXFileReference; lastKnownFileType = sourcecode.c.objc; path = main.m; sourceTree = "<group>"; };
		54331C2319B4B71200466B49 /* Overdue Task List Assignment-Prefix.pch */ = {isa = PBXFileReference; lastKnownFileType = sourcecode.c.h; path = "Overdue Task List Assignment-Prefix.pch"; sourceTree = "<group>"; };
		54331C2419B4B71200466B49 /* BLAppDelegate.h */ = {isa = PBXFileReference; lastKnownFileType = sourcecode.c.h; path = BLAppDelegate.h; sourceTree = "<group>"; };
		54331C2519B4B71200466B49 /* BLAppDelegate.m */ = {isa = PBXFileReference; lastKnownFileType = sourcecode.c.objc; path = BLAppDelegate.m; sourceTree = "<group>"; };
		54331C2819B4B71200466B49 /* Base */ = {isa = PBXFileReference; lastKnownFileType = file.storyboard; name = Base; path = Base.lproj/Main.storyboard; sourceTree = "<group>"; };
		54331C2A19B4B71200466B49 /* BLViewController.h */ = {isa = PBXFileReference; lastKnownFileType = sourcecode.c.h; path = BLViewController.h; sourceTree = "<group>"; };
		54331C2B19B4B71200466B49 /* BLViewController.m */ = {isa = PBXFileReference; lastKnownFileType = sourcecode.c.objc; path = BLViewController.m; sourceTree = "<group>"; };
		54331C2D19B4B71200466B49 /* Images.xcassets */ = {isa = PBXFileReference; lastKnownFileType = folder.assetcatalog; path = Images.xcassets; sourceTree = "<group>"; };
		54331C3319B4B71200466B49 /* Overdue Task List AssignmentTests.xctest */ = {isa = PBXFileReference; explicitFileType = wrapper.cfbundle; includeInIndex = 0; path = "Overdue Task List AssignmentTests.xctest"; sourceTree = BUILT_PRODUCTS_DIR; };
		54331C3419B4B71200466B49 /* XCTest.framework */ = {isa = PBXFileReference; lastKnownFileType = wrapper.framework; name = XCTest.framework; path = Library/Frameworks/XCTest.framework; sourceTree = DEVELOPER_DIR; };
		54331C3C19B4B71200466B49 /* Overdue Task List AssignmentTests-Info.plist */ = {isa = PBXFileReference; lastKnownFileType = text.plist.xml; path = "Overdue Task List AssignmentTests-Info.plist"; sourceTree = "<group>"; };
		54331C3E19B4B71200466B49 /* en */ = {isa = PBXFileReference; lastKnownFileType = text.plist.strings; name = en; path = en.lproj/InfoPlist.strings; sourceTree = "<group>"; };
		54331C4019B4B71200466B49 /* Overdue_Task_List_AssignmentTests.m */ = {isa = PBXFileReference; lastKnownFileType = sourcecode.c.objc; path = Overdue_Task_List_AssignmentTests.m; sourceTree = "<group>"; };
/* End PBXFileReference section */

/* Begin PBXFrameworksBuildPhase section */
		54331C0F19B4B71200466B49 /* Frameworks */ = {
			isa = PBXFrameworksBuildPhase;
			buildActionMask = 2147483647;
			files = (
				54331C1819B4B71200466B49 /* CoreGraphics.framework in Frameworks */,
				54331C1A19B4B71200466B49 /* UIKit.framework in Frameworks */,
				54331C1619B4B71200466B49 /* Foundation.framework in Frameworks */,
			);
			runOnlyForDeploymentPostprocessing = 0;
		};
		54331C3019B4B71200466B49 /* Frameworks */ = {
			isa = PBXFrameworksBuildPhase;
			buildActionMask = 2147483647;
			files = (
				54331C3519B4B71200466B49 /* XCTest.framework in Frameworks */,
				54331C3719B4B71200466B49 /* UIKit.framework in Frameworks */,
				54331C3619B4B71200466B49 /* Foundation.framework in Frameworks */,
			);
			runOnlyForDeploymentPostprocessing = 0;
		};
/* End PBXFrameworksBuildPhase section */

/* Begin PBXGroup section */
		54331C0919B4B71200466B49 = {
			isa = PBXGroup;
			children = (
				54331C1B19B4B71200466B49 /* Overdue Task List Assignment */,
				54331C3A19B4B71200466B49 /* Overdue Task List AssignmentTests */,
				54331C1419B4B71200466B49 /* Frameworks */,
				54331C1319B4B71200466B49 /* Products */,
			);
			sourceTree = "<group>";
		};
		54331C1319B4B71200466B49 /* Products */ = {
			isa = PBXGroup;
			children = (
				54331C1219B4B71200466B49 /* Overdue Task List Assignment.app */,
				54331C3319B4B71200466B49 /* Overdue Task List AssignmentTests.xctest */,
			);
			name = Products;
			sourceTree = "<group>";
		};
		54331C1419B4B71200466B49 /* Frameworks */ = {
			isa = PBXGroup;
			children = (
				54331C1519B4B71200466B49 /* Foundation.framework */,
				54331C1719B4B71200466B49 /* CoreGraphics.framework */,
				54331C1919B4B71200466B49 /* UIKit.framework */,
				54331C3419B4B71200466B49 /* XCTest.framework */,
			);
			name = Frameworks;
			sourceTree = "<group>";
		};
		54331C1B19B4B71200466B49 /* Overdue Task List Assignment */ = {
			isa = PBXGroup;
			children = (
				54331C2419B4B71200466B49 /* BLAppDelegate.h */,
				54331C2519B4B71200466B49 /* BLAppDelegate.m */,
				54331C2719B4B71200466B49 /* Main.storyboard */,
				54331C2A19B4B71200466B49 /* BLViewController.h */,
				54331C2B19B4B71200466B49 /* BLViewController.m */,
				54331C2D19B4B71200466B49 /* Images.xcassets */,
				54331C1C19B4B71200466B49 /* Supporting Files */,
			);
			path = "Overdue Task List Assignment";
			sourceTree = "<group>";
		};
		54331C1C19B4B71200466B49 /* Supporting Files */ = {
			isa = PBXGroup;
			children = (
				54331C1D19B4B71200466B49 /* Overdue Task List Assignment-Info.plist */,
				54331C1E19B4B71200466B49 /* InfoPlist.strings */,
				54331C2119B4B71200466B49 /* main.m */,
				54331C2319B4B71200466B49 /* Overdue Task List Assignment-Prefix.pch */,
			);
			name = "Supporting Files";
			sourceTree = "<group>";
		};
		54331C3A19B4B71200466B49 /* Overdue Task List AssignmentTests */ = {
			isa = PBXGroup;
			children = (
				54331C4019B4B71200466B49 /* Overdue_Task_List_AssignmentTests.m */,
				54331C3B19B4B71200466B49 /* Supporting Files */,
			);
			path = "Overdue Task List AssignmentTests";
			sourceTree = "<group>";
		};
		54331C3B19B4B71200466B49 /* Supporting Files */ = {
			isa = PBXGroup;
			children = (
				54331C3C19B4B71200466B49 /* Overdue Task List AssignmentTests-Info.plist */,
				54331C3D19B4B71200466B49 /* InfoPlist.strings */,
			);
			name = "Supporting Files";
			sourceTree = "<group>";
		};
/* End PBXGroup section */

/* Begin PBXNativeTarget section */
		54331C1119B4B71200466B49 /* Overdue Task List Assignment */ = {
			isa = PBXNativeTarget;
			buildConfigurationList = 54331C4419B4B71200466B49 /* Build configuration list for PBXNativeTarget "Overdue Task List Assignment" */;
			buildPhases = (
				54331C0E19B4B71200466B49 /* Sources */,
				54331C0F19B4B71200466B49 /* Frameworks */,
				54331C1019B4B71200466B49 /* Resources */,
			);
			buildRules = (
			);
			dependencies = (
			);
			name = "Overdue Task List Assignment";
			productName = "Overdue Task List Assignment";
			productReference = 54331C1219B4B71200466B49 /* Overdue Task List Assignment.app */;
			productType = "com.apple.product-type.application";
		};
		54331C3219B4B71200466B49 /* Overdue Task List AssignmentTests */ = {
			isa = PBXNativeTarget;
			buildConfigurationList = 54331C4719B4B71200466B49 /* Build configuration list for PBXNativeTarget "Overdue Task List AssignmentTests" */;
			buildPhases = (
				54331C2F19B4B71200466B49 /* Sources */,
				54331C3019B4B71200466B49 /* Frameworks */,
				54331C3119B4B71200466B49 /* Resources */,
			);
			buildRules = (
			);
			dependencies = (
				54331C3919B4B71200466B49 /* PBXTargetDependency */,
			);
			name = "Overdue Task List AssignmentTests";
			productName = "Overdue Task List AssignmentTests";
			productReference = 54331C3319B4B71200466B49 /* Overdue Task List AssignmentTests.xctest */;
			productType = "com.apple.product-type.bundle.unit-test";
		};
/* End PBXNativeTarget section */

/* Begin PBXProject section */
		54331C0A19B4B71200466B49 /* Project object */ = {
			isa = PBXProject;
			attributes = {
				CLASSPREFIX = BL;
				LastUpgradeCheck = 0510;
				ORGANIZATIONNAME = IBM;
				TargetAttributes = {
					54331C3219B4B71200466B49 = {
						TestTargetID = 54331C1119B4B71200466B49;
					};
				};
			};
			buildConfigurationList = 54331C0D19B4B71200466B49 /* Build configuration list for PBXProject "Overdue Task List Assignment" */;
			compatibilityVersion = "Xcode 3.2";
			developmentRegion = English;
			hasScannedForEncodings = 0;
			knownRegions = (
				en,
				Base,
			);
			mainGroup = 54331C0919B4B71200466B49;
			productRefGroup = 54331C1319B4B71200466B49 /* Products */;
			projectDirPath = "";
			projectRoot = "";
			targets = (
				54331C1119B4B71200466B49 /* Overdue Task List Assignment */,
				54331C3219B4B71200466B49 /* Overdue Task List AssignmentTests */,
			);
		};
/* End PBXProject section */

/* Begin PBXResourcesBuildPhase section */
		54331C1019B4B71200466B49 /* Resources */ = {
			isa = PBXResourcesBuildPhase;
			buildActionMask = 2147483647;
			files = (
				54331C2E19B4B71200466B49 /* Images.xcassets in Resources */,
				54331C2019B4B71200466B49 /* InfoPlist.strings in Resources */,
				54331C2919B4B71200466B49 /* Main.storyboard in Resources */,
			);
			runOnlyForDeploymentPostprocessing = 0;
		};
		54331C3119B4B71200466B49 /* Resources */ = {
			isa = PBXResourcesBuildPhase;
			buildActionMask = 2147483647;
			files = (
				54331C3F19B4B71200466B49 /* InfoPlist.strings in Resources */,
			);
			runOnlyForDeploymentPostprocessing = 0;
		};
/* End PBXResourcesBuildPhase section */

/* Begin PBXSourcesBuildPhase section */
		54331C0E19B4B71200466B49 /* Sources */ = {
			isa = PBXSourcesBuildPhase;
			buildActionMask = 2147483647;
			files = (
				54331C2C19B4B71200466B49 /* BLViewController.m in Sources */,
				54331C2619B4B71200466B49 /* BLAppDelegate.m in Sources */,
				54331C2219B4B71200466B49 /* main.m in Sources */,
			);
			runOnlyForDeploymentPostprocessing = 0;
		};
		54331C2F19B4B71200466B49 /* Sources */ = {
			isa = PBXSourcesBuildPhase;
			buildActionMask = 2147483647;
			files = (
				54331C4119B4B71200466B49 /* Overdue_Task_List_AssignmentTests.m in Sources */,
			);
			runOnlyForDeploymentPostprocessing = 0;
		};
/* End PBXSourcesBuildPhase section */

/* Begin PBXTargetDependency section */
		54331C3919B4B71200466B49 /* PBXTargetDependency */ = {
			isa = PBXTargetDependency;
			target = 54331C1119B4B71200466B49 /* Overdue Task List Assignment */;
			targetProxy = 54331C3819B4B71200466B49 /* PBXContainerItemProxy */;
		};
/* End PBXTargetDependency section */

/* Begin PBXVariantGroup section */
		54331C1E19B4B71200466B49 /* InfoPlist.strings */ = {
			isa = PBXVariantGroup;
			children = (
				54331C1F19B4B71200466B49 /* en */,
			);
			name = InfoPlist.strings;
			sourceTree = "<group>";
		};
		54331C2719B4B71200466B49 /* Main.storyboard */ = {
			isa = PBXVariantGroup;
			children = (
				54331C2819B4B71200466B49 /* Base */,
			);
			name = Main.storyboard;
			sourceTree = "<group>";
		};
		54331C3D19B4B71200466B49 /* InfoPlist.strings */ = {
			isa = PBXVariantGroup;
			children = (
				54331C3E19B4B71200466B49 /* en */,
			);
			name = InfoPlist.strings;
			sourceTree = "<group>";
		};
/* End PBXVariantGroup section */

/* Begin XCBuildConfiguration section */
		54331C4219B4B71200466B49 /* Debug */ = {
			isa = XCBuildConfiguration;
			buildSettings = {
				ALWAYS_SEARCH_USER_PATHS = NO;
				CLANG_CXX_LANGUAGE_STANDARD = "gnu++0x";
				CLANG_CXX_LIBRARY = "libc++";
				CLANG_ENABLE_MODULES = YES;
				CLANG_ENABLE_OBJC_ARC = YES;
				CLANG_WARN_BOOL_CONVERSION = YES;
				CLANG_WARN_CONSTANT_CONVERSION = YES;
				CLANG_WARN_DIRECT_OBJC_ISA_USAGE = YES_ERROR;
				CLANG_WARN_EMPTY_BODY = YES;
				CLANG_WARN_ENUM_CONVERSION = YES;
				CLANG_WARN_INT_CONVERSION = YES;
				CLANG_WARN_OBJC_ROOT_CLASS = YES_ERROR;
				CLANG_WARN__DUPLICATE_METHOD_MATCH = YES;
				"CODE_SIGN_IDENTITY[sdk=iphoneos*]" = "iPhone Developer";
				COPY_PHASE_STRIP = NO;
				GCC_C_LANGUAGE_STANDARD = gnu99;
				GCC_DYNAMIC_NO_PIC = NO;
				GCC_OPTIMIZATION_LEVEL = 0;
				GCC_PREPROCESSOR_DEFINITIONS = (
					"DEBUG=1",
					"$(inherited)",
				);
				GCC_SYMBOLS_PRIVATE_EXTERN = NO;
				GCC_WARN_64_TO_32_BIT_CONVERSION = YES;
				GCC_WARN_ABOUT_RETURN_TYPE = YES_ERROR;
				GCC_WARN_UNDECLARED_SELECTOR = YES;
				GCC_WARN_UNINITIALIZED_AUTOS = YES_AGGRESSIVE;
				GCC_WARN_UNUSED_FUNCTION = YES;
				GCC_WARN_UNUSED_VARIABLE = YES;
				IPHONEOS_DEPLOYMENT_TARGET = 7.1;
				ONLY_ACTIVE_ARCH = YES;
				SDKROOT = iphoneos;
			};
			name = Debug;
		};
		54331C4319B4B71200466B49 /* Release */ = {
			isa = XCBuildConfiguration;
			buildSettings = {
				ALWAYS_SEARCH_USER_PATHS = NO;
				CLANG_CXX_LANGUAGE_STANDARD = "gnu++0x";
				CLANG_CXX_LIBRARY = "libc++";
				CLANG_ENABLE_MODULES = YES;
				CLANG_ENABLE_OBJC_ARC = YES;
				CLANG_WARN_BOOL_CONVERSION = YES;
				CLANG_WARN_CONSTANT_CONVERSION = YES;
				CLANG_WARN_DIRECT_OBJC_ISA_USAGE = YES_ERROR;
				CLANG_WARN_EMPTY_BODY = YES;
				CLANG_WARN_ENUM_CONVERSION = YES;
				CLANG_WARN_INT_CONVERSION = YES;
				CLANG_WARN_OBJC_ROOT_CLASS = YES_ERROR;
				CLANG_WARN__DUPLICATE_METHOD_MATCH = YES;
				"CODE_SIGN_IDENTITY[sdk=iphoneos*]" = "iPhone Developer";
				COPY_PHASE_STRIP = YES;
				ENABLE_NS_ASSERTIONS = NO;
				GCC_C_LANGUAGE_STANDARD = gnu99;
				GCC_WARN_64_TO_32_BIT_CONVERSION = YES;
				GCC_WARN_ABOUT_RETURN_TYPE = YES_ERROR;
				GCC_WARN_UNDECLARED_SELECTOR = YES;
				GCC_WARN_UNINITIALIZED_AUTOS = YES_AGGRESSIVE;
				GCC_WARN_UNUSED_FUNCTION = YES;
				GCC_WARN_UNUSED_VARIABLE = YES;
				IPHONEOS_DEPLOYMENT_TARGET = 7.1;
				SDKROOT = iphoneos;
				VALIDATE_PRODUCT = YES;
			};
			name = Release;
		};
		54331C4519B4B71200466B49 /* Debug */ = {
			isa = XCBuildConfiguration;
			buildSettings = {
				ASSETCATALOG_COMPILER_APPICON_NAME = AppIcon;
				ASSETCATALOG_COMPILER_LAUNCHIMAGE_NAME = LaunchImage;
				GCC_PRECOMPILE_PREFIX_HEADER = YES;
				GCC_PREFIX_HEADER = "Overdue Task List Assignment/Overdue Task List Assignment-Prefix.pch";
				INFOPLIST_FILE = "Overdue Task List Assignment/Overdue Task List Assignment-Info.plist";
				PRODUCT_NAME = "$(TARGET_NAME)";
				WRAPPER_EXTENSION = app;
			};
			name = Debug;
		};
		54331C4619B4B71200466B49 /* Release */ = {
			isa = XCBuildConfiguration;
			buildSettings = {
				ASSETCATALOG_COMPILER_APPICON_NAME = AppIcon;
				ASSETCATALOG_COMPILER_LAUNCHIMAGE_NAME = LaunchImage;
				GCC_PRECOMPILE_PREFIX_HEADER = YES;
				GCC_PREFIX_HEADER = "Overdue Task List Assignment/Overdue Task List Assignment-Prefix.pch";
				INFOPLIST_FILE = "Overdue Task List Assignment/Overdue Task List Assignment-Info.plist";
				PRODUCT_NAME = "$(TARGET_NAME)";
				WRAPPER_EXTENSION = app;
			};
			name = Release;
		};
		54331C4819B4B71200466B49 /* Debug */ = {
			isa = XCBuildConfiguration;
			buildSettings = {
				BUNDLE_LOADER = "$(BUILT_PRODUCTS_DIR)/Overdue Task List Assignment.app/Overdue Task List Assignment";
				FRAMEWORK_SEARCH_PATHS = (
					"$(SDKROOT)/Developer/Library/Frameworks",
					"$(inherited)",
					"$(DEVELOPER_FRAMEWORKS_DIR)",
				);
				GCC_PRECOMPILE_PREFIX_HEADER = YES;
				GCC_PREFIX_HEADER = "Overdue Task List Assignment/Overdue Task List Assignment-Prefix.pch";
				GCC_PREPROCESSOR_DEFINITIONS = (
					"DEBUG=1",
					"$(inherited)",
				);
				INFOPLIST_FILE = "Overdue Task List AssignmentTests/Overdue Task List AssignmentTests-Info.plist";
				PRODUCT_NAME = "$(TARGET_NAME)";
				TEST_HOST = "$(BUNDLE_LOADER)";
				WRAPPER_EXTENSION = xctest;
			};
			name = Debug;
		};
		54331C4919B4B71200466B49 /* Release */ = {
			isa = XCBuildConfiguration;
			buildSettings = {
				BUNDLE_LOADER = "$(BUILT_PRODUCTS_DIR)/Overdue Task List Assignment.app/Overdue Task List Assignment";
				FRAMEWORK_SEARCH_PATHS = (
					"$(SDKROOT)/Developer/Library/Frameworks",
					"$(inherited)",
					"$(DEVELOPER_FRAMEWORKS_DIR)",
				);
				GCC_PRECOMPILE_PREFIX_HEADER = YES;
				GCC_PREFIX_HEADER = "Overdue Task List Assignment/Overdue Task List Assignment-Prefix.pch";
				INFOPLIST_FILE = "Overdue Task List AssignmentTests/Overdue Task List AssignmentTests-Info.plist";
				PRODUCT_NAME = "$(TARGET_NAME)";
				TEST_HOST = "$(BUNDLE_LOADER)";
				WRAPPER_EXTENSION = xctest;
			};
			name = Release;
		};
/* End XCBuildConfiguration section */

/* Begin XCConfigurationList section */
		54331C0D19B4B71200466B49 /* Build configuration list for PBXProject "Overdue Task List Assignment" */ = {
			isa = XCConfigurationList;
			buildConfigurations = (
				54331C4219B4B71200466B49 /* Debug */,
				54331C4319B4B71200466B49 /* Release */,
			);
			defaultConfigurationIsVisible = 0;
			defaultConfigurationName = Release;
		};
		54331C4419B4B71200466B49 /* Build configuration list for PBXNativeTarget "Overdue Task List Assignment" */ = {
			isa = XCConfigurationList;
			buildConfigurations = (
				54331C4519B4B71200466B49 /* Debug */,
				54331C4619B4B71200466B49 /* Release */,
			);
			defaultConfigurationIsVisible = 0;
		};
		54331C4719B4B71200466B49 /* Build configuration list for PBXNativeTarget "Overdue Task List AssignmentTests" */ = {
			isa = XCConfigurationList;
			buildConfigurations = (
				54331C4819B4B71200466B49 /* Debug */,
				54331C4919B4B71200466B49 /* Release */,
			);
			defaultConfigurationIsVisible = 0;
		};
/* End XCConfigurationList section */
	};
	rootObject = 54331C0A19B4B71200466B49 /* Project object */;
}
